
Microsoft Visual Studio Solution File, Format Version 12.00
# Visual Studio Version 16
VisualStudioVersion = 16.0.31205.134
MinimumVisualStudioVersion = 10.0.40219.1
Project("{FAE04EC0-301F-11D3-BF4B-00C04F79EFBC}") = "NC-DOS", "NC-DOS.csproj", "{B997919B-096A-4BD6-B666-6A4929BEC913}"
EndProject
Global
	GlobalSection(SolutionConfigurationPlatforms) = preSolution
		Debug|Any CPU = Debug|Any CPU
		Release|Any CPU = Release|Any CPU
	EndGlobalSection
	GlobalSection(ProjectConfigurationPlatforms) = postSolution
		{B997919B-096A-4BD6-B666-6A4929BEC913}.Debug|Any CPU.ActiveCfg = Debug|Any CPU
		{B997919B-096A-4BD6-B666-6A4929BEC913}.Debug|Any CPU.Build.0 = Debug|Any CPU
		{B997919B-096A-4BD6-B666-6A4929BEC913}.Release|Any CPU.ActiveCfg = Release|Any CPU
		{B997919B-096A-4BD6-B666-6A4929BEC913}.Release|Any CPU.Build.0 = Release|Any CPU
	EndGlobalSection
	GlobalSection(SolutionProperties) = preSolution
		HideSolutionNode = FALSE
	EndGlobalSection
	GlobalSection(ExtensibilityGlobals) = postSolution
		SolutionGuid = {2BD23FD7-30D3-4F1B-BDD0-06122535E614}
	EndGlobalSection
EndGlobal
